
Microsoft Visual Studio Solution File, Format Version 12.00
# Visual Studio 14
VisualStudioVersion = 14.0.25123.0
MinimumVisualStudioVersion = 10.0.40219.1
Project("{08684DB2-9922-4FA4-A994-8EE5348A9B3F}") = "Sitecore.Support.112951", "Sitecore.Support.112951\Sitecore.Support.112951.csproj", "{50C3896F-ECBA-4764-B9CA-35E0938A8071}"
EndProject
Global
	GlobalSection(SolutionConfigurationPlatforms) = preSolution
		Debug|Any CPU = Debug|Any CPU
		Release|Any CPU = Release|Any CPU
	EndGlobalSection
	GlobalSection(ProjectConfigurationPlatforms) = postSolution
		{50C3896F-ECBA-4764-B9CA-35E0938A8071}.Debug|Any CPU.ActiveCfg = Debug|Any CPU
		{50C3896F-ECBA-4764-B9CA-35E0938A8071}.Debug|Any CPU.Build.0 = Debug|Any CPU
		{50C3896F-ECBA-4764-B9CA-35E0938A8071}.Release|Any CPU.ActiveCfg = Release|Any CPU
		{50C3896F-ECBA-4764-B9CA-35E0938A8071}.Release|Any CPU.Build.0 = Release|Any CPU
	EndGlobalSection
	GlobalSection(SolutionProperties) = preSolution
		HideSolutionNode = FALSE
	EndGlobalSection
EndGlobal
